github.com/google/docsy v0.0.0-20201124151338-f7fec423e5f9 h1:QNQp2bBPzl0KnCWorUzgkqkMtsLXdnhYOJ38vdamEi4=
github.com/google/docsy v0.0.0-20201124151338-f7fec423e5f9/go.mod h1:alhAPKceHP14eqO+nJEhYehHeNcPKV8QnduoauTBZhs=
github.com/google/docsy v0.0.0-20201125203642-68e3abdbf241 h1:4O+Rzttii1ofm01WGAb8KpDEsmcB6DxDInhZT3YFDnY=
github.com/google/docsy v0.0.0-20201125203642-68e3abdbf241/go.mod h1:0Ci6mkWLvYg+jTX2FmGbuBrrZvsxphN0A1AxzJ/Y38I=
